
Microsoft Visual Studio Solution File, Format Version 12.00
# Visual Studio Version 17
VisualStudioVersion = 17.8.34525.116
MinimumVisualStudioVersion = 10.0.40219.1
Project("{FAE04EC0-301F-11D3-BF4B-00C04F79EFBC}") = "ASP_Homework_160424", "ASP_Homework_160424.csproj", "{2C19CEE2-9347-4D63-AEAF-25E6AED3A377}"
EndProject
Global
	GlobalSection(SolutionConfigurationPlatforms) = preSolution
		Debug|Any CPU = Debug|Any CPU
		Release|Any CPU = Release|Any CPU
	EndGlobalSection
	GlobalSection(ProjectConfigurationPlatforms) = postSolution
		{2C19CEE2-9347-4D63-AEAF-25E6AED3A377}.Debug|Any CPU.ActiveCfg = Debug|Any CPU
		{2C19CEE2-9347-4D63-AEAF-25E6AED3A377}.Debug|Any CPU.Build.0 = Debug|Any CPU
		{2C19CEE2-9347-4D63-AEAF-25E6AED3A377}.Release|Any CPU.ActiveCfg = Release|Any CPU
		{2C19CEE2-9347-4D63-AEAF-25E6AED3A377}.Release|Any CPU.Build.0 = Release|Any CPU
	EndGlobalSection
	GlobalSection(SolutionProperties) = preSolution
		HideSolutionNode = FALSE
	EndGlobalSection
	GlobalSection(ExtensibilityGlobals) = postSolution
		SolutionGuid = {798ABB41-C26D-4171-9C7B-7A13BC0B10DC}
	EndGlobalSection
EndGlobal
